
Microsoft Visual Studio Solution File, Format Version 12.00
Project("{FAE04EC0-301F-11D3-BF4B-00C04F79EFBC}") = "System.Interview.TinyUrl.ByHash", "System.Interview.TinyUrl.ByHash\System.Interview.TinyUrl.ByHash.csproj", "{E5AA018A-BDD4-4042-AB29-2595DAB11FC2}"
EndProject
Project("{FAE04EC0-301F-11D3-BF4B-00C04F79EFBC}") = "HttpRequest.PerfTest", "HttpRequest.PerfTest\HttpRequest.PerfTest.csproj", "{0A5FB3B9-3AC5-4B9D-8C78-393C6EA7586F}"
EndProject
Project("{FAE04EC0-301F-11D3-BF4B-00C04F79EFBC}") = "UnitTests", "UnitTests\UnitTests.csproj", "{9E30F2DC-5C4B-4B43-92A9-3E7E7BD3271B}"
EndProject
Project("{FAE04EC0-301F-11D3-BF4B-00C04F79EFBC}") = "Aspire.AppHost", "Aspire.AppHost\Aspire.AppHost.csproj", "{A2C1B280-A6F3-463D-BB72-621672BFE8C2}"
EndProject
Global
	GlobalSection(SolutionConfigurationPlatforms) = preSolution
		Debug|Any CPU = Debug|Any CPU
		Release|Any CPU = Release|Any CPU
	EndGlobalSection
	GlobalSection(ProjectConfigurationPlatforms) = postSolution
		{E5AA018A-BDD4-4042-AB29-2595DAB11FC2}.Debug|Any CPU.ActiveCfg = Debug|Any CPU
		{E5AA018A-BDD4-4042-AB29-2595DAB11FC2}.Debug|Any CPU.Build.0 = Debug|Any CPU
		{E5AA018A-BDD4-4042-AB29-2595DAB11FC2}.Release|Any CPU.ActiveCfg = Release|Any CPU
		{E5AA018A-BDD4-4042-AB29-2595DAB11FC2}.Release|Any CPU.Build.0 = Release|Any CPU
		{0A5FB3B9-3AC5-4B9D-8C78-393C6EA7586F}.Debug|Any CPU.ActiveCfg = Debug|Any CPU
		{0A5FB3B9-3AC5-4B9D-8C78-393C6EA7586F}.Debug|Any CPU.Build.0 = Debug|Any CPU
		{0A5FB3B9-3AC5-4B9D-8C78-393C6EA7586F}.Release|Any CPU.ActiveCfg = Release|Any CPU
		{0A5FB3B9-3AC5-4B9D-8C78-393C6EA7586F}.Release|Any CPU.Build.0 = Release|Any CPU
		{9E30F2DC-5C4B-4B43-92A9-3E7E7BD3271B}.Debug|Any CPU.ActiveCfg = Debug|Any CPU
		{9E30F2DC-5C4B-4B43-92A9-3E7E7BD3271B}.Debug|Any CPU.Build.0 = Debug|Any CPU
		{9E30F2DC-5C4B-4B43-92A9-3E7E7BD3271B}.Release|Any CPU.ActiveCfg = Release|Any CPU
		{9E30F2DC-5C4B-4B43-92A9-3E7E7BD3271B}.Release|Any CPU.Build.0 = Release|Any CPU
		{A2C1B280-A6F3-463D-BB72-621672BFE8C2}.Debug|Any CPU.ActiveCfg = Debug|Any CPU
		{A2C1B280-A6F3-463D-BB72-621672BFE8C2}.Debug|Any CPU.Build.0 = Debug|Any CPU
		{A2C1B280-A6F3-463D-BB72-621672BFE8C2}.Release|Any CPU.ActiveCfg = Release|Any CPU
		{A2C1B280-A6F3-463D-BB72-621672BFE8C2}.Release|Any CPU.Build.0 = Release|Any CPU
	EndGlobalSection
EndGlobal
